
Microsoft Visual Studio Solution File, Format Version 12.00
# Visual Studio Version 17
VisualStudioVersion = 17.0.32014.148
MinimumVisualStudioVersion = 10.0.40219.1
Project("{FAE04EC0-301F-11D3-BF4B-00C04F79EFBC}") = "BasicWebServer.Server", "BasicWebServer.Server\BasicWebServer.Server.csproj", "{ADF6E187-077B-4D0D-AF6E-4E941CD5140B}"
EndProject
Project("{FAE04EC0-301F-11D3-BF4B-00C04F79EFBC}") = "BasicWebServer.Demo", "BasicWebServer.Demo\BasicWebServer.Demo.csproj", "{982DBB57-D439-4783-BB92-1FE9CDFEAB91}"
EndProject
Global
	GlobalSection(SolutionConfigurationPlatforms) = preSolution
		Debug|Any CPU = Debug|Any CPU
		Release|Any CPU = Release|Any CPU
	EndGlobalSection
	GlobalSection(ProjectConfigurationPlatforms) = postSolution
		{ADF6E187-077B-4D0D-AF6E-4E941CD5140B}.Debug|Any CPU.ActiveCfg = Debug|Any CPU
		{ADF6E187-077B-4D0D-AF6E-4E941CD5140B}.Debug|Any CPU.Build.0 = Debug|Any CPU
		{ADF6E187-077B-4D0D-AF6E-4E941CD5140B}.Release|Any CPU.ActiveCfg = Release|Any CPU
		{ADF6E187-077B-4D0D-AF6E-4E941CD5140B}.Release|Any CPU.Build.0 = Release|Any CPU
		{982DBB57-D439-4783-BB92-1FE9CDFEAB91}.Debug|Any CPU.ActiveCfg = Debug|Any CPU
		{982DBB57-D439-4783-BB92-1FE9CDFEAB91}.Debug|Any CPU.Build.0 = Debug|Any CPU
		{982DBB57-D439-4783-BB92-1FE9CDFEAB91}.Release|Any CPU.ActiveCfg = Release|Any CPU
		{982DBB57-D439-4783-BB92-1FE9CDFEAB91}.Release|Any CPU.Build.0 = Release|Any CPU
	EndGlobalSection
	GlobalSection(SolutionProperties) = preSolution
		HideSolutionNode = FALSE
	EndGlobalSection
	GlobalSection(ExtensibilityGlobals) = postSolution
		SolutionGuid = {798A589C-54A9-44BF-A00B-944C42D804E7}
	EndGlobalSection
EndGlobal
