
Microsoft Visual Studio Solution File, Format Version 12.00
# Visual Studio Version 17
VisualStudioVersion = 17.0.32014.148
MinimumVisualStudioVersion = 10.0.40219.1
Project("{FAE04EC0-301F-11D3-BF4B-00C04F79EFBC}") = "BasicWebServer", "BasicWebServer\BasicWebServer.csproj", "{2A273D81-03CD-494C-A86F-4B0C14857E29}"
EndProject
Global
	GlobalSection(SolutionConfigurationPlatforms) = preSolution
		Debug|Any CPU = Debug|Any CPU
		Release|Any CPU = Release|Any CPU
	EndGlobalSection
	GlobalSection(ProjectConfigurationPlatforms) = postSolution
		{2A273D81-03CD-494C-A86F-4B0C14857E29}.Debug|Any CPU.ActiveCfg = Debug|Any CPU
		{2A273D81-03CD-494C-A86F-4B0C14857E29}.Debug|Any CPU.Build.0 = Debug|Any CPU
		{2A273D81-03CD-494C-A86F-4B0C14857E29}.Release|Any CPU.ActiveCfg = Release|Any CPU
		{2A273D81-03CD-494C-A86F-4B0C14857E29}.Release|Any CPU.Build.0 = Release|Any CPU
	EndGlobalSection
	GlobalSection(SolutionProperties) = preSolution
		HideSolutionNode = FALSE
	EndGlobalSection
	GlobalSection(ExtensibilityGlobals) = postSolution
		SolutionGuid = {798A589C-54A9-44BF-A00B-944C42D804E7}
	EndGlobalSection
EndGlobal
